{
  "name": "algos",
  "version": "1.0.0",
  "lockfileVersion": 3,
  "requires": true,
  "packages": {
    "": {
      "name": "algos",
      "version": "1.0.0",
      "license": "MIT",
      "dependencies": {
        "@datastructures-js/deque": "^1.0.8",
        "@datastructures-js/linked-list": "^6.1.4",
        "@datastructures-js/priority-queue": "^6.3.5",
        "@datastructures-js/queue": "^4.3.0",
        "@datastructures-js/stack": "^3.1.6",
        "@hediet/debug-visualizer-data-extraction": "^0.14.0"
      },
      "devDependencies": {
        "@types/node": "^13.7.4",
        "typescript": "5.5.4"
      }
    },
    "node_modules/@datastructures-js/deque": {
      "version": "1.0.8",
      "resolved": "https://registry.npmjs.org/@datastructures-js/deque/-/deque-1.0.8.tgz",
      "integrity": "sha512-PSBhJ2/SmeRPRHuBv7i/fHWIdSC3JTyq56qb+Rq0wjOagi0/fdV5/B/3Md5zFZus/W6OkSPMaxMKKMNMrSmubg==",
      "license": "MIT"
    },
    "node_modules/@datastructures-js/heap": {
      "version": "4.3.7",
      "resolved": "https://registry.npmjs.org/@datastructures-js/heap/-/heap-4.3.7.tgz",
      "integrity": "sha512-Dx4un7Uj0dVxkfoq4RkpzsY2OrvNJgQYZ3n3UlGdl88RxxdHd7oTi21/l3zoxUUe0sXFuNUrfmWqlHzqnoN6Ug==",
      "license": "MIT"
    },
    "node_modules/@datastructures-js/linked-list": {
      "version": "6.1.4",
      "resolved": "https://registry.npmjs.org/@datastructures-js/linked-list/-/linked-list-6.1.4.tgz",
      "integrity": "sha512-lwM6KDBPgV9xxJMzozCqZzdofzc0fx8FPjNfrWDf8+u8Fm7zcjksvXrv6Z9dA2Kg40HZIUKqLPaQriqLhhAisg==",
      "license": "MIT"
    },
    "node_modules/@datastructures-js/priority-queue": {
      "version": "6.3.5",
      "resolved": "https://registry.npmjs.org/@datastructures-js/priority-queue/-/priority-queue-6.3.5.tgz",
      "integrity": "sha512-NmdmvLnkUyG67W6Iy8tP+865ILq5VDyZh90c8lHMOkYYydUNzOV0QNPCRAuj4AoHSm/V2DeuYvDKnvALaCwLvA==",
      "license": "MIT",
      "dependencies": {
        "@datastructures-js/heap": "^4.3.7"
      }
    },
    "node_modules/@datastructures-js/queue": {
      "version": "4.3.0",
      "resolved": "https://registry.npmjs.org/@datastructures-js/queue/-/queue-4.3.0.tgz",
      "integrity": "sha512-2RYt1+N4dtdcilwmB+A6j9HT/5MImHSK2UUjBA8WQAHoA2AEJC4YxJSSGhGTOBMyLMKpMiowwTrnB315YgtTrA==",
      "license": "MIT"
    },
    "node_modules/@datastructures-js/stack": {
      "version": "3.1.6",
      "resolved": "https://registry.npmjs.org/@datastructures-js/stack/-/stack-3.1.6.tgz",
      "integrity": "sha512-HtArTBadxEK8j/whIuXanzoCj9VPz7BXJOn5n4ktr7K+DtGryrCLERZczbN35WujqEwIjIdVTTbxGoma1qGDuQ==",
      "license": "MIT"
    },
    "node_modules/@hediet/debug-visualizer-data-extraction": {
      "version": "0.14.0",
      "resolved": "https://registry.npmjs.org/@hediet/debug-visualizer-data-extraction/-/debug-visualizer-data-extraction-0.14.0.tgz",
      "integrity": "sha512-J2eu4U+1SVNPYxhbWT6iKy9tA8DX0iDNoFipST/mJt503T67Z7H24wRBJyjHdk4ooohVNrEW2qsTZWMqWSFbcQ==",
      "license": "MIT"
    },
    "node_modules/@types/node": {
      "version": "13.13.52",
      "resolved": "https://registry.npmjs.org/@types/node/-/node-13.13.52.tgz",
      "integrity": "sha512-s3nugnZumCC//n4moGGe6tkNMyYEdaDBitVjwPxXmR5lnMG5dHePinH2EdxkG3Rh1ghFHHixAG4NJhpJW1rthQ==",
      "dev": true,
      "license": "MIT"
    },
    "node_modules/typescript": {
      "version": "5.5.4",
      "resolved": "https://registry.npmjs.org/typescript/-/typescript-5.5.4.tgz",
      "integrity": "sha512-Mtq29sKDAEYP7aljRgtPOpTvOfbwRWlS6dPRzwjdE+C0R4brX/GUyhHSecbHMFLNBLcJIPt9nl9yG5TZ1weH+Q==",
      "dev": true,
      "license": "Apache-2.0",
      "bin": {
        "tsc": "bin/tsc",
        "tsserver": "bin/tsserver"
      },
      "engines": {
        "node": ">=14.17"
      }
    }
  }
}
